
Microsoft Visual Studio Solution File, Format Version 12.00
# Visual Studio 15
VisualStudioVersion = 15.0.28307.421
MinimumVisualStudioVersion = 10.0.40219.1
Project("{FAE04EC0-301F-11D3-BF4B-00C04F79EFBC}") = "WebServiceDemo", "WebServiceDemo\WebServiceDemo.csproj", "{96FAC903-FCD6-4511-A59F-03B2E78861A6}"
EndProject
Project("{FAE04EC0-301F-11D3-BF4B-00C04F79EFBC}") = "WebServiceConsumer", "WebServiceConsumer\WebServiceConsumer.csproj", "{7F43FA59-1586-417C-B09A-226CA11B16B8}"
	ProjectSection(ProjectDependencies) = postProject
		{96FAC903-FCD6-4511-A59F-03B2E78861A6} = {96FAC903-FCD6-4511-A59F-03B2E78861A6}
	EndProjectSection
EndProject
Global
	GlobalSection(SolutionConfigurationPlatforms) = preSolution
		Debug|Any CPU = Debug|Any CPU
		Release|Any CPU = Release|Any CPU
	EndGlobalSection
	GlobalSection(ProjectConfigurationPlatforms) = postSolution
		{96FAC903-FCD6-4511-A59F-03B2E78861A6}.Debug|Any CPU.ActiveCfg = Debug|Any CPU
		{96FAC903-FCD6-4511-A59F-03B2E78861A6}.Debug|Any CPU.Build.0 = Debug|Any CPU
		{96FAC903-FCD6-4511-A59F-03B2E78861A6}.Release|Any CPU.ActiveCfg = Release|Any CPU
		{96FAC903-FCD6-4511-A59F-03B2E78861A6}.Release|Any CPU.Build.0 = Release|Any CPU
		{7F43FA59-1586-417C-B09A-226CA11B16B8}.Debug|Any CPU.ActiveCfg = Debug|Any CPU
		{7F43FA59-1586-417C-B09A-226CA11B16B8}.Debug|Any CPU.Build.0 = Debug|Any CPU
		{7F43FA59-1586-417C-B09A-226CA11B16B8}.Release|Any CPU.ActiveCfg = Release|Any CPU
		{7F43FA59-1586-417C-B09A-226CA11B16B8}.Release|Any CPU.Build.0 = Release|Any CPU
	EndGlobalSection
	GlobalSection(SolutionProperties) = preSolution
		HideSolutionNode = FALSE
	EndGlobalSection
	GlobalSection(ExtensibilityGlobals) = postSolution
		SolutionGuid = {D605271E-51DD-445B-BD9E-AC28291457AF}
	EndGlobalSection
EndGlobal
